<Solution>
  <Folder Name="/docs/" />
  <Folder Name="/docs/adr/">
    <File Path="docs/adr/ADR-002 Использование CommunityToolkit.Mvvm для MVVM-слоя.md" />
    <File Path="docs/adr/ADR-003. Использование record struct для NodeId, PipelineId, ConnectionId.md" />
    <File Path="docs/adr/ADR-004. Использование иерархической системы типов DataType.md" />
  </Folder>
  <Folder Name="/tests/">
    <Project Path="tests/ReactivePipelineEditor.Domain.Tests/ReactivePipelineEditor.Domain.Tests.csproj" />
    <Project Path="tests/ReactivePipelineEditor.Runtime.Tests/ReactivePipelineEditor.Runtime.Tests.csproj" />
    <Project Path="tools/DomainSmokeTest/DomainSmokeTest.csproj" />
  </Folder>
  <Folder Name="/Элементы решения/">
    <File Path=".editorconfig" />
    <File Path="Directory.Build.props" />
    <File Path="Directory.Packages.props" />
    <File Path="README.md" />
  </Folder>
  <Project Path="src/ReactivePipelineEditor.App/ReactivePipelineEditor.App.csproj" />
  <Project Path="src/ReactivePipelineEditor.Domain/ReactivePipelineEditor.Domain.csproj" />
  <Project Path="src/ReactivePipelineEditor.Runtime/ReactivePipelineEditor.Runtime.csproj" />
</Solution>
