<Solution>
  <Folder Name="/docs/" />
  <Folder Name="/docs/adr/">
    <File Path="docs/adr/ADR-002 Использование CommunityToolkit.Mvvm для MVVM-слоя.md" />
  </Folder>
  <Folder Name="/Элементы решения/">
    <File Path=".editorconfig" />
    <File Path="Directory.Build.props" />
    <File Path="Directory.Packages.props" />
    <File Path="README.md" />
  </Folder>
  <Project Path="src/ReactivePipelineEditor.App/ReactivePipelineEditor.App.csproj" />
  <Project Path="src/ReactivePipelineEditor.Domain/ReactivePipelineEditor.Domain.csproj" />
</Solution>
